// !$*UTF8*$!
{
	archiveVersion = 1;
	classes = {
	};
	objectVersion = 50;
	objects = {

/* Begin PBXBuildFile section */
		E206D8FC20A9C17900E94624 /* AppDelegate.swift in Sources */ = {isa = PBXBuildFile; fileRef = E206D8FB20A9C17900E94624 /* AppDelegate.swift */; };
		E206D8FE20A9C17900E94624 /* ViewController.swift in Sources */ = {isa = PBXBuildFile; fileRef = E206D8FD20A9C17900E94624 /* ViewController.swift */; };
		E206D90120A9C17900E94624 /* Main.storyboard in Resources */ = {isa = PBXBuildFile; fileRef = E206D8FF20A9C17900E94624 /* Main.storyboard */; };
		E206D90320A9C18700E94624 /* Assets.xcassets in Resources */ = {isa = PBXBuildFile; fileRef = E206D90220A9C18700E94624 /* Assets.xcassets */; };
		E206D90620A9C18700E94624 /* LaunchScreen.storyboard in Resources */ = {isa = PBXBuildFile; fileRef = E206D90420A9C18700E94624 /* LaunchScreen.storyboard */; };
/* End PBXBuildFile section */

/* Begin PBXFileReference section */
		E206D8F820A9C17900E94624 /* LogReg_CRUD_Firebase.app */ = {isa = PBXFileReference; explicitFileType = wrapper.application; includeInIndex = 0; path = LogReg_CRUD_Firebase.app; sourceTree = BUILT_PRODUCTS_DIR; };
		E206D8FB20A9C17900E94624 /* AppDelegate.swift */ = {isa = PBXFileReference; lastKnownFileType = sourcecode.swift; path = AppDelegate.swift; sourceTree = "<group>"; };
		E206D8FD20A9C17900E94624 /* ViewController.swift */ = {isa = PBXFileReference; lastKnownFileType = sourcecode.swift; path = ViewController.swift; sourceTree = "<group>"; };
		E206D90020A9C17900E94624 /* Base */ = {isa = PBXFileReference; lastKnownFileType = file.storyboard; name = Base; path = Base.lproj/Main.storyboard; sourceTree = "<group>"; };
		E206D90220A9C18700E94624 /* Assets.xcassets */ = {isa = PBXFileReference; lastKnownFileType = folder.assetcatalog; path = Assets.xcassets; sourceTree = "<group>"; };
		E206D90520A9C18700E94624 /* Base */ = {isa = PBXFileReference; lastKnownFileType = file.storyboard; name = Base; path = Base.lproj/LaunchScreen.storyboard; sourceTree = "<group>"; };
		E206D90720A9C18700E94624 /* Info.plist */ = {isa = PBXFileReference; lastKnownFileType = text.plist.xml; path = Info.plist; sourceTree = "<group>"; };
/* End PBXFileReference section */

/* Begin PBXFrameworksBuildPhase section */
		E206D8F520A9C17900E94624 /* Frameworks */ = {
			isa = PBXFrameworksBuildPhase;
			buildActionMask = 2147483647;
			files = (
			);
			runOnlyForDeploymentPostprocessing = 0;
		};
/* End PBXFrameworksBuildPhase section */

/* Begin PBXGroup section */
		E206D8EF20A9C17800E94624 = {
			isa = PBXGroup;
			children = (
				E206D8FA20A9C17900E94624 /* LogReg_CRUD_Firebase */,
				E206D8F920A9C17900E94624 /* Products */,
			);
			sourceTree = "<group>";
		};
		E206D8F920A9C17900E94624 /* Products */ = {
			isa = PBXGroup;
			children = (
				E206D8F820A9C17900E94624 /* LogReg_CRUD_Firebase.app */,
			);
			name = Products;
			sourceTree = "<group>";
		};
		E206D8FA20A9C17900E94624 /* LogReg_CRUD_Firebase */ = {
			isa = PBXGroup;
			children = (
				E206D8FB20A9C17900E94624 /* AppDelegate.swift */,
				E206D8FD20A9C17900E94624 /* ViewController.swift */,
				E206D8FF20A9C17900E94624 /* Main.storyboard */,
				E206D90220A9C18700E94624 /* Assets.xcassets */,
				E206D90420A9C18700E94624 /* LaunchScreen.storyboard */,
				E206D90720A9C18700E94624 /* Info.plist */,
			);
			path = LogReg_CRUD_Firebase;
			sourceTree = "<group>";
		};
/* End PBXGroup section */

/* Begin PBXNativeTarget section */
		E206D8F720A9C17900E94624 /* LogReg_CRUD_Firebase */ = {
			isa = PBXNativeTarget;
			buildConfigurationList = E206D90A20A9C18700E94624 /* Build configuration list for PBXNativeTarget "LogReg_CRUD_Firebase" */;
			buildPhases = (
				E206D8F420A9C17900E94624 /* Sources */,
				E206D8F520A9C17900E94624 /* Frameworks */,
				E206D8F620A9C17900E94624 /* Resources */,
			);
			buildRules = (
			);
			dependencies = (
			);
			name = LogReg_CRUD_Firebase;
			productName = LogReg_CRUD_Firebase;
			productReference = E206D8F820A9C17900E94624 /* LogReg_CRUD_Firebase.app */;
			productType = "com.apple.product-type.application";
		};
/* End PBXNativeTarget section */

/* Begin PBXProject section */
		E206D8F020A9C17800E94624 /* Project object */ = {
			isa = PBXProject;
			attributes = {
				LastSwiftUpdateCheck = 0930;
				LastUpgradeCheck = 0930;
				ORGANIZATIONNAME = Xona;
				TargetAttributes = {
					E206D8F720A9C17900E94624 = {
						CreatedOnToolsVersion = 9.3;
					};
				};
			};
			buildConfigurationList = E206D8F320A9C17800E94624 /* Build configuration list for PBXProject "LogReg_CRUD_Firebase" */;
			compatibilityVersion = "Xcode 9.3";
			developmentRegion = en;
			hasScannedForEncodings = 0;
			knownRegions = (
				en,
				Base,
			);
			mainGroup = E206D8EF20A9C17800E94624;
			productRefGroup = E206D8F920A9C17900E94624 /* Products */;
			projectDirPath = "";
			projectRoot = "";
			targets = (
				E206D8F720A9C17900E94624 /* LogReg_CRUD_Firebase */,
			);
		};
/* End PBXProject section */

/* Begin PBXResourcesBuildPhase section */
		E206D8F620A9C17900E94624 /* Resources */ = {
			isa = PBXResourcesBuildPhase;
			buildActionMask = 2147483647;
			files = (
				E206D90620A9C18700E94624 /* LaunchScreen.storyboard in Resources */,
				E206D90320A9C18700E94624 /* Assets.xcassets in Resources */,
				E206D90120A9C17900E94624 /* Main.storyboard in Resources */,
			);
			runOnlyForDeploymentPostprocessing = 0;
		};
/* End PBXResourcesBuildPhase section */

/* Begin PBXSourcesBuildPhase section */
		E206D8F420A9C17900E94624 /* Sources */ = {
			isa = PBXSourcesBuildPhase;
			buildActionMask = 2147483647;
			files = (
				E206D8FE20A9C17900E94624 /* ViewController.swift in Sources */,
				E206D8FC20A9C17900E94624 /* AppDelegate.swift in Sources */,
			);
			runOnlyForDeploymentPostprocessing = 0;
		};
/* End PBXSourcesBuildPhase section */

/* Begin PBXVariantGroup section */
		E206D8FF20A9C17900E94624 /* Main.storyboard */ = {
			isa = PBXVariantGroup;
			children = (
				E206D90020A9C17900E94624 /* Base */,
			);
			name = Main.storyboard;
			sourceTree = "<group>";
		};
		E206D90420A9C18700E94624 /* LaunchScreen.storyboard */ = {
			isa = PBXVariantGroup;
			children = (
				E206D90520A9C18700E94624 /* Base */,
			);
			name = LaunchScreen.storyboard;
			sourceTree = "<group>";
		};
/* End PBXVariantGroup section */

/* Begin XCBuildConfiguration section */
		E206D90820A9C18700E94624 /* Debug */ = {
			isa = XCBuildConfiguration;
			buildSettings = {
				ALWAYS_SEARCH_USER_PATHS = NO;
				CLANG_ANALYZER_NONNULL = YES;
				CLANG_ANALYZER_NUMBER_OBJECT_CONVERSION = YES_AGGRESSIVE;
				CLANG_CXX_LANGUAGE_STANDARD = "gnu++14";
				CLANG_CXX_LIBRARY = "libc++";
				CLANG_ENABLE_MODULES = YES;
				CLANG_ENABLE_OBJC_ARC = YES;
				CLANG_ENABLE_OBJC_WEAK = YES;
				CLANG_WARN_BLOCK_CAPTURE_AUTORELEASING = YES;
				CLANG_WARN_BOOL_CONVERSION = YES;
				CLANG_WARN_COMMA = YES;
				CLANG_WARN_CONSTANT_CONVERSION = YES;
				CLANG_WARN_DEPRECATED_OBJC_IMPLEMENTATIONS = YES;
				CLANG_WARN_DIRECT_OBJC_ISA_USAGE = YES_ERROR;
				CLANG_WARN_DOCUMENTATION_COMMENTS = YES;
				CLANG_WARN_EMPTY_BODY = YES;
				CLANG_WARN_ENUM_CONVERSION = YES;
				CLANG_WARN_INFINITE_RECURSION = YES;
				CLANG_WARN_INT_CONVERSION = YES;
				CLANG_WARN_NON_LITERAL_NULL_CONVERSION = YES;
				CLANG_WARN_OBJC_IMPLICIT_RETAIN_SELF = YES;
				CLANG_WARN_OBJC_LITERAL_CONVERSION = YES;
				CLANG_WARN_OBJC_ROOT_CLASS = YES_ERROR;
				CLANG_WARN_RANGE_LOOP_ANALYSIS = YES;
				CLANG_WARN_STRICT_PROTOTYPES = YES;
				CLANG_WARN_SUSPICIOUS_MOVE = YES;
				CLANG_WARN_UNGUARDED_AVAILABILITY = YES_AGGRESSIVE;
				CLANG_WARN_UNREACHABLE_CODE = YES;
				CLANG_WARN__DUPLICATE_METHOD_MATCH = YES;
				CODE_SIGN_IDENTITY = "iPhone Developer";
				COPY_PHASE_STRIP = NO;
				DEBUG_INFORMATION_FORMAT = dwarf;
				ENABLE_STRICT_OBJC_MSGSEND = YES;
				ENABLE_TESTABILITY = YES;
				GCC_C_LANGUAGE_STANDARD = gnu11;
				GCC_DYNAMIC_NO_PIC = NO;
				GCC_NO_COMMON_BLOCKS = YES;
				GCC_OPTIMIZATION_LEVEL = 0;
				GCC_PREPROCESSOR_DEFINITIONS = (
					"DEBUG=1",
					"$(inherited)",
				);
				GCC_WARN_64_TO_32_BIT_CONVERSION = YES;
				GCC_WARN_ABOUT_RETURN_TYPE = YES_ERROR;
				GCC_WARN_UNDECLARED_SELECTOR = YES;
				GCC_WARN_UNINITIALIZED_AUTOS = YES_AGGRESSIVE;
				GCC_WARN_UNUSED_FUNCTION = YES;
				GCC_WARN_UNUSED_VARIABLE = YES;
				IPHONEOS_DEPLOYMENT_TARGET = 11.3;
				MTL_ENABLE_DEBUG_INFO = YES;
				ONLY_ACTIVE_ARCH = YES;
				SDKROOT = iphoneos;
				SWIFT_ACTIVE_COMPILATION_CONDITIONS = DEBUG;
				SWIFT_OPTIMIZATION_LEVEL = "-Onone";
			};
			name = Debug;
		};
		E206D90920A9C18700E94624 /* Release */ = {
			isa = XCBuildConfiguration;
			buildSettings = {
				ALWAYS_SEARCH_USER_PATHS = NO;
				CLANG_ANALYZER_NONNULL = YES;
				CLANG_ANALYZER_NUMBER_OBJECT_CONVERSION = YES_AGGRESSIVE;
				CLANG_CXX_LANGUAGE_STANDARD = "gnu++14";
				CLANG_CXX_LIBRARY = "libc++";
				CLANG_ENABLE_MODULES = YES;
				CLANG_ENABLE_OBJC_ARC = YES;
				CLANG_ENABLE_OBJC_WEAK = YES;
				CLANG_WARN_BLOCK_CAPTURE_AUTORELEASING = YES;
				CLANG_WARN_BOOL_CONVERSION = YES;
				CLANG_WARN_COMMA = YES;
				CLANG_WARN_CONSTANT_CONVERSION = YES;
				CLANG_WARN_DEPRECATED_OBJC_IMPLEMENTATIONS = YES;
				CLANG_WARN_DIRECT_OBJC_ISA_USAGE = YES_ERROR;
				CLANG_WARN_DOCUMENTATION_COMMENTS = YES;
				CLANG_WARN_EMPTY_BODY = YES;
				CLANG_WARN_ENUM_CONVERSION = YES;
				CLANG_WARN_INFINITE_RECURSION = YES;
				CLANG_WARN_INT_CONVERSION = YES;
				CLANG_WARN_NON_LITERAL_NULL_CONVERSION = YES;
				CLANG_WARN_OBJC_IMPLICIT_RETAIN_SELF = YES;
				CLANG_WARN_OBJC_LITERAL_CONVERSION = YES;
				CLANG_WARN_OBJC_ROOT_CLASS = YES_ERROR;
				CLANG_WARN_RANGE_LOOP_ANALYSIS = YES;
				CLANG_WARN_STRICT_PROTOTYPES = YES;
				CLANG_WARN_SUSPICIOUS_MOVE = YES;
				CLANG_WARN_UNGUARDED_AVAILABILITY = YES_AGGRESSIVE;
				CLANG_WARN_UNREACHABLE_CODE = YES;
				CLANG_WARN__DUPLICATE_METHOD_MATCH = YES;
				CODE_SIGN_IDENTITY = "iPhone Developer";
				COPY_PHASE_STRIP = NO;
				DEBUG_INFORMATION_FORMAT = "dwarf-with-dsym";
				ENABLE_NS_ASSERTIONS = NO;
				ENABLE_STRICT_OBJC_MSGSEND = YES;
				GCC_C_LANGUAGE_STANDARD = gnu11;
				GCC_NO_COMMON_BLOCKS = YES;
				GCC_WARN_64_TO_32_BIT_CONVERSION = YES;
				GCC_WARN_ABOUT_RETURN_TYPE = YES_ERROR;
				GCC_WARN_UNDECLARED_SELECTOR = YES;
				GCC_WARN_UNINITIALIZED_AUTOS = YES_AGGRESSIVE;
				GCC_WARN_UNUSED_FUNCTION = YES;
				GCC_WARN_UNUSED_VARIABLE = YES;
				IPHONEOS_DEPLOYMENT_TARGET = 11.3;
				MTL_ENABLE_DEBUG_INFO = NO;
				SDKROOT = iphoneos;
				SWIFT_COMPILATION_MODE = wholemodule;
				SWIFT_OPTIMIZATION_LEVEL = "-O";
				VALIDATE_PRODUCT = YES;
			};
			name = Release;
		};
		E206D90B20A9C18700E94624 /* Debug */ = {
			isa = XCBuildConfiguration;
			buildSettings = {
				ASSETCATALOG_COMPILER_APPICON_NAME = AppIcon;
				CODE_SIGN_STYLE = Automatic;
				INFOPLIST_FILE = LogReg_CRUD_Firebase/Info.plist;
				LD_RUNPATH_SEARCH_PATHS = (
					"$(inherited)",
					"@executable_path/Frameworks",
				);
				PRODUCT_BUNDLE_IDENTIFIER = "com.xona.nearbyeventsfacebook.LogReg-CRUD-Firebase";
				PRODUCT_NAME = "$(TARGET_NAME)";
				SWIFT_VERSION = 4.0;
				TARGETED_DEVICE_FAMILY = "1,2";
			};
			name = Debug;
		};
		E206D90C20A9C18700E94624 /* Release */ = {
			isa = XCBuildConfiguration;
			buildSettings = {
				ASSETCATALOG_COMPILER_APPICON_NAME = AppIcon;
				CODE_SIGN_STYLE = Automatic;
				INFOPLIST_FILE = LogReg_CRUD_Firebase/Info.plist;
				LD_RUNPATH_SEARCH_PATHS = (
					"$(inherited)",
					"@executable_path/Frameworks",
				);
				PRODUCT_BUNDLE_IDENTIFIER = "com.xona.nearbyeventsfacebook.LogReg-CRUD-Firebase";
				PRODUCT_NAME = "$(TARGET_NAME)";
				SWIFT_VERSION = 4.0;
				TARGETED_DEVICE_FAMILY = "1,2";
			};
			name = Release;
		};
/* End XCBuildConfiguration section */

/* Begin XCConfigurationList section */
		E206D8F320A9C17800E94624 /* Build configuration list for PBXProject "LogReg_CRUD_Firebase" */ = {
			isa = XCConfigurationList;
			buildConfigurations = (
				E206D90820A9C18700E94624 /* Debug */,
				E206D90920A9C18700E94624 /* Release */,
			);
			defaultConfigurationIsVisible = 0;
			defaultConfigurationName = Release;
		};
		E206D90A20A9C18700E94624 /* Build configuration list for PBXNativeTarget "LogReg_CRUD_Firebase" */ = {
			isa = XCConfigurationList;
			buildConfigurations = (
				E206D90B20A9C18700E94624 /* Debug */,
				E206D90C20A9C18700E94624 /* Release */,
			);
			defaultConfigurationIsVisible = 0;
			defaultConfigurationName = Release;
		};
/* End XCConfigurationList section */
	};
	rootObject = E206D8F020A9C17800E94624 /* Project object */;
}
